
Microsoft Visual Studio Solution File, Format Version 12.00
# Visual Studio Version 17
VisualStudioVersion = 17.5.33627.172
MinimumVisualStudioVersion = 10.0.40219.1
Project("{9A19103F-16F7-4668-BE54-9A1E7A4F7556}") = "JasonTodoInfrastructure", "JasonTodoInfrastructure\JasonTodoInfrastructure.csproj", "{BB0754A7-3777-4B1E-92B9-5120CA34AAF2}"
EndProject
Project("{2150E333-8FDC-42A3-9474-1A3956D46DE8}") = "UnitTests", "UnitTests", "{D16AFD95-DD6B-485C-B281-03B0C6606DBD}"
EndProject
Project("{2150E333-8FDC-42A3-9474-1A3956D46DE8}") = "IntegrationTests", "IntegrationTests", "{10F52C9D-2570-4952-9493-8FE6139392B3}"
EndProject
Project("{9A19103F-16F7-4668-BE54-9A1E7A4F7556}") = "JasonTodoCore", "JasonTodoCore\JasonTodoCore.csproj", "{81C10E99-34A2-4362-BFD0-25296F5F51E9}"
EndProject
Project("{9A19103F-16F7-4668-BE54-9A1E7A4F7556}") = "JasonTodoApi", "JasonTodoApi\JasonTodoApi.csproj", "{7AC0F13B-15B1-4BDF-8DAB-CE17E10F35B7}"
EndProject
Project("{9A19103F-16F7-4668-BE54-9A1E7A4F7556}") = "JasonTodoCore.UnitTests", "UnitTests\JasonTodoCore.UnitTest\JasonTodoCore.UnitTests.csproj", "{44A8C5C3-AC2F-4833-B68D-6A8450B5B069}"
EndProject
Project("{9A19103F-16F7-4668-BE54-9A1E7A4F7556}") = "JasonTodoInfrastructure.UnitTests", "UnitTests\JasonTodoInfrastructure.UnitTests\JasonTodoInfrastructure.UnitTests.csproj", "{1DF6DB7C-FF3D-4009-8C1C-991DD05A5B10}"
EndProject
Project("{9A19103F-16F7-4668-BE54-9A1E7A4F7556}") = "JasonTodoAp.UnitiTests", "UnitTests\JasonTodoApi.UnitTests\JasonTodoAp.UnitiTests.csproj", "{8367EBBF-2A71-40AC-B5A7-A15564FFCCC0}"
EndProject
Project("{FAE04EC0-301F-11D3-BF4B-00C04F79EFBC}") = "JasonTodoApi.IntegrationTests", "IntegrationTests\JasonTodoApi.IntegrationTests\JasonTodoApi.IntegrationTests.csproj", "{B226EA0C-2BAA-46C1-BCA0-616888B53884}"
EndProject
Global
	GlobalSection(SolutionConfigurationPlatforms) = preSolution
		Debug|Any CPU = Debug|Any CPU
		Release|Any CPU = Release|Any CPU
	EndGlobalSection
	GlobalSection(ProjectConfigurationPlatforms) = postSolution
		{BB0754A7-3777-4B1E-92B9-5120CA34AAF2}.Debug|Any CPU.ActiveCfg = Debug|Any CPU
		{BB0754A7-3777-4B1E-92B9-5120CA34AAF2}.Debug|Any CPU.Build.0 = Debug|Any CPU
		{BB0754A7-3777-4B1E-92B9-5120CA34AAF2}.Release|Any CPU.ActiveCfg = Release|Any CPU
		{BB0754A7-3777-4B1E-92B9-5120CA34AAF2}.Release|Any CPU.Build.0 = Release|Any CPU
		{81C10E99-34A2-4362-BFD0-25296F5F51E9}.Debug|Any CPU.ActiveCfg = Debug|Any CPU
		{81C10E99-34A2-4362-BFD0-25296F5F51E9}.Debug|Any CPU.Build.0 = Debug|Any CPU
		{81C10E99-34A2-4362-BFD0-25296F5F51E9}.Release|Any CPU.ActiveCfg = Release|Any CPU
		{81C10E99-34A2-4362-BFD0-25296F5F51E9}.Release|Any CPU.Build.0 = Release|Any CPU
		{7AC0F13B-15B1-4BDF-8DAB-CE17E10F35B7}.Debug|Any CPU.ActiveCfg = Debug|Any CPU
		{7AC0F13B-15B1-4BDF-8DAB-CE17E10F35B7}.Debug|Any CPU.Build.0 = Debug|Any CPU
		{7AC0F13B-15B1-4BDF-8DAB-CE17E10F35B7}.Release|Any CPU.ActiveCfg = Release|Any CPU
		{7AC0F13B-15B1-4BDF-8DAB-CE17E10F35B7}.Release|Any CPU.Build.0 = Release|Any CPU
		{44A8C5C3-AC2F-4833-B68D-6A8450B5B069}.Debug|Any CPU.ActiveCfg = Debug|Any CPU
		{44A8C5C3-AC2F-4833-B68D-6A8450B5B069}.Debug|Any CPU.Build.0 = Debug|Any CPU
		{44A8C5C3-AC2F-4833-B68D-6A8450B5B069}.Release|Any CPU.ActiveCfg = Release|Any CPU
		{44A8C5C3-AC2F-4833-B68D-6A8450B5B069}.Release|Any CPU.Build.0 = Release|Any CPU
		{1DF6DB7C-FF3D-4009-8C1C-991DD05A5B10}.Debug|Any CPU.ActiveCfg = Debug|Any CPU
		{1DF6DB7C-FF3D-4009-8C1C-991DD05A5B10}.Debug|Any CPU.Build.0 = Debug|Any CPU
		{1DF6DB7C-FF3D-4009-8C1C-991DD05A5B10}.Release|Any CPU.ActiveCfg = Release|Any CPU
		{1DF6DB7C-FF3D-4009-8C1C-991DD05A5B10}.Release|Any CPU.Build.0 = Release|Any CPU
		{8367EBBF-2A71-40AC-B5A7-A15564FFCCC0}.Debug|Any CPU.ActiveCfg = Debug|Any CPU
		{8367EBBF-2A71-40AC-B5A7-A15564FFCCC0}.Debug|Any CPU.Build.0 = Debug|Any CPU
		{8367EBBF-2A71-40AC-B5A7-A15564FFCCC0}.Release|Any CPU.ActiveCfg = Release|Any CPU
		{8367EBBF-2A71-40AC-B5A7-A15564FFCCC0}.Release|Any CPU.Build.0 = Release|Any CPU
		{B226EA0C-2BAA-46C1-BCA0-616888B53884}.Debug|Any CPU.ActiveCfg = Debug|Any CPU
		{B226EA0C-2BAA-46C1-BCA0-616888B53884}.Debug|Any CPU.Build.0 = Debug|Any CPU
		{B226EA0C-2BAA-46C1-BCA0-616888B53884}.Release|Any CPU.ActiveCfg = Release|Any CPU
		{B226EA0C-2BAA-46C1-BCA0-616888B53884}.Release|Any CPU.Build.0 = Release|Any CPU
	EndGlobalSection
	GlobalSection(SolutionProperties) = preSolution
		HideSolutionNode = FALSE
	EndGlobalSection
	GlobalSection(NestedProjects) = preSolution
		{44A8C5C3-AC2F-4833-B68D-6A8450B5B069} = {D16AFD95-DD6B-485C-B281-03B0C6606DBD}
		{1DF6DB7C-FF3D-4009-8C1C-991DD05A5B10} = {D16AFD95-DD6B-485C-B281-03B0C6606DBD}
		{8367EBBF-2A71-40AC-B5A7-A15564FFCCC0} = {D16AFD95-DD6B-485C-B281-03B0C6606DBD}
		{B226EA0C-2BAA-46C1-BCA0-616888B53884} = {10F52C9D-2570-4952-9493-8FE6139392B3}
	EndGlobalSection
	GlobalSection(ExtensibilityGlobals) = postSolution
		SolutionGuid = {2AFE11E9-CBED-4A8C-B33E-5F4896968930}
	EndGlobalSection
EndGlobal
