
Microsoft Visual Studio Solution File, Format Version 12.00
# Visual Studio Version 17
VisualStudioVersion = 17.5.33627.172
MinimumVisualStudioVersion = 10.0.40219.1
Project("{9A19103F-16F7-4668-BE54-9A1E7A4F7556}") = "JasonTodoApi", "todo-api\JasonTodoApi.csproj", "{2230138D-D653-4AB2-8718-AD5F6A13453C}"
EndProject
Project("{9A19103F-16F7-4668-BE54-9A1E7A4F7556}") = "JasonTodoCore", "todo-api-core\JasonTodoCore.csproj", "{3B13046D-A8A5-4C94-BDA9-CCD863148DEE}"
EndProject
Project("{9A19103F-16F7-4668-BE54-9A1E7A4F7556}") = "JasonTodoInfrastructure", "JasonTodoInfrastructure\JasonTodoInfrastructure.csproj", "{BB0754A7-3777-4B1E-92B9-5120CA34AAF2}"
EndProject
Project("{9A19103F-16F7-4668-BE54-9A1E7A4F7556}") = "JasonTodoCore.UnitTests", "JasonTodoCoreTest\JasonTodoCore.UnitTests.csproj", "{DA892150-A0EB-44E1-B612-9AB97A907874}"
EndProject
Project("{2150E333-8FDC-42A3-9474-1A3956D46DE8}") = "UnitTests", "UnitTests", "{D16AFD95-DD6B-485C-B281-03B0C6606DBD}"
EndProject
Project("{FAE04EC0-301F-11D3-BF4B-00C04F79EFBC}") = "JasonTodoInfrastructure.UnitTests", "JasonTodoInfrastructureTest\JasonTodoInfrastructure.UnitTests.csproj", "{51AACA06-D912-4ECB-878B-D4574682CCDE}"
EndProject
Project("{2150E333-8FDC-42A3-9474-1A3956D46DE8}") = "IntegrationTests", "IntegrationTests", "{10F52C9D-2570-4952-9493-8FE6139392B3}"
EndProject
Project("{FAE04EC0-301F-11D3-BF4B-00C04F79EFBC}") = "JasonTodoAp.UnitiTests", "JasonTodoApiTests\JasonTodoAp.UnitiTests.csproj", "{04644603-2501-490C-A311-93F8518D323C}"
EndProject
Global
	GlobalSection(SolutionConfigurationPlatforms) = preSolution
		Debug|Any CPU = Debug|Any CPU
		Release|Any CPU = Release|Any CPU
	EndGlobalSection
	GlobalSection(ProjectConfigurationPlatforms) = postSolution
		{2230138D-D653-4AB2-8718-AD5F6A13453C}.Debug|Any CPU.ActiveCfg = Debug|Any CPU
		{2230138D-D653-4AB2-8718-AD5F6A13453C}.Debug|Any CPU.Build.0 = Debug|Any CPU
		{2230138D-D653-4AB2-8718-AD5F6A13453C}.Release|Any CPU.ActiveCfg = Release|Any CPU
		{2230138D-D653-4AB2-8718-AD5F6A13453C}.Release|Any CPU.Build.0 = Release|Any CPU
		{3B13046D-A8A5-4C94-BDA9-CCD863148DEE}.Debug|Any CPU.ActiveCfg = Debug|Any CPU
		{3B13046D-A8A5-4C94-BDA9-CCD863148DEE}.Debug|Any CPU.Build.0 = Debug|Any CPU
		{3B13046D-A8A5-4C94-BDA9-CCD863148DEE}.Release|Any CPU.ActiveCfg = Release|Any CPU
		{3B13046D-A8A5-4C94-BDA9-CCD863148DEE}.Release|Any CPU.Build.0 = Release|Any CPU
		{BB0754A7-3777-4B1E-92B9-5120CA34AAF2}.Debug|Any CPU.ActiveCfg = Debug|Any CPU
		{BB0754A7-3777-4B1E-92B9-5120CA34AAF2}.Debug|Any CPU.Build.0 = Debug|Any CPU
		{BB0754A7-3777-4B1E-92B9-5120CA34AAF2}.Release|Any CPU.ActiveCfg = Release|Any CPU
		{BB0754A7-3777-4B1E-92B9-5120CA34AAF2}.Release|Any CPU.Build.0 = Release|Any CPU
		{DA892150-A0EB-44E1-B612-9AB97A907874}.Debug|Any CPU.ActiveCfg = Debug|Any CPU
		{DA892150-A0EB-44E1-B612-9AB97A907874}.Debug|Any CPU.Build.0 = Debug|Any CPU
		{DA892150-A0EB-44E1-B612-9AB97A907874}.Release|Any CPU.ActiveCfg = Release|Any CPU
		{DA892150-A0EB-44E1-B612-9AB97A907874}.Release|Any CPU.Build.0 = Release|Any CPU
		{51AACA06-D912-4ECB-878B-D4574682CCDE}.Debug|Any CPU.ActiveCfg = Debug|Any CPU
		{51AACA06-D912-4ECB-878B-D4574682CCDE}.Debug|Any CPU.Build.0 = Debug|Any CPU
		{51AACA06-D912-4ECB-878B-D4574682CCDE}.Release|Any CPU.ActiveCfg = Release|Any CPU
		{51AACA06-D912-4ECB-878B-D4574682CCDE}.Release|Any CPU.Build.0 = Release|Any CPU
		{04644603-2501-490C-A311-93F8518D323C}.Debug|Any CPU.ActiveCfg = Debug|Any CPU
		{04644603-2501-490C-A311-93F8518D323C}.Debug|Any CPU.Build.0 = Debug|Any CPU
		{04644603-2501-490C-A311-93F8518D323C}.Release|Any CPU.ActiveCfg = Release|Any CPU
		{04644603-2501-490C-A311-93F8518D323C}.Release|Any CPU.Build.0 = Release|Any CPU
	EndGlobalSection
	GlobalSection(SolutionProperties) = preSolution
		HideSolutionNode = FALSE
	EndGlobalSection
	GlobalSection(NestedProjects) = preSolution
		{DA892150-A0EB-44E1-B612-9AB97A907874} = {D16AFD95-DD6B-485C-B281-03B0C6606DBD}
		{51AACA06-D912-4ECB-878B-D4574682CCDE} = {D16AFD95-DD6B-485C-B281-03B0C6606DBD}
		{04644603-2501-490C-A311-93F8518D323C} = {D16AFD95-DD6B-485C-B281-03B0C6606DBD}
	EndGlobalSection
	GlobalSection(ExtensibilityGlobals) = postSolution
		SolutionGuid = {2AFE11E9-CBED-4A8C-B33E-5F4896968930}
	EndGlobalSection
EndGlobal
